
Microsoft Visual Studio Solution File, Format Version 12.00
# Visual Studio 15
VisualStudioVersion = 15.0.27130.2020
MinimumVisualStudioVersion = 10.0.40219.1
Project("{FAE04EC0-301F-11D3-BF4B-00C04F79EFBC}") = "Aras.VS.MethodPlugin.11sp8CSharp", "Aras.VS.MethodPlugin.11sp8CSharp\Aras.VS.MethodPlugin.11sp8CSharp.csproj", "{16B29445-D7AF-4B29-B660-54B3235C1A6C}"
EndProject
Project("{FAE04EC0-301F-11D3-BF4B-00C04F79EFBC}") = "Aras.VS.MethodPlugin.11sp9CSharp", "Aras.VS.MethodPlugin.11sp9CSharp\Aras.VS.MethodPlugin.11sp9CSharp.csproj", "{5181AFED-3DDB-48BC-9B78-F188B928B359}"
EndProject
Project("{FAE04EC0-301F-11D3-BF4B-00C04F79EFBC}") = "Aras.VS.MethodPlugin.11SP10CSharp", "Aras.VS.MethodPlugin.11sp10CSharp\Aras.VS.MethodPlugin.11SP10CSharp.csproj", "{B7E26645-8BFC-460E-B010-784F52F61A04}"
EndProject
Project("{FAE04EC0-301F-11D3-BF4B-00C04F79EFBC}") = "Aras.VS.MethodPlugin.11sp11CSharp", "Aras.VS.MethodPlugin.11sp11CSharp\Aras.VS.MethodPlugin.11sp11CSharp.csproj", "{51428086-5975-49CA-9B11-528F396213FA}"
EndProject
Project("{FAE04EC0-301F-11D3-BF4B-00C04F79EFBC}") = "Aras.VS.MethodPlugin.11sp12CSharp", "Aras.VS.MethodPlugin.11sp12CSharp\Aras.VS.MethodPlugin.11sp12CSharp.csproj", "{8AA47666-149F-4789-A489-A7FF5685B6FF}"
EndProject
Project("{FAE04EC0-301F-11D3-BF4B-00C04F79EFBC}") = "Aras.VS.MethodPlugin.11sp14CSharp", "Aras.VS.MethodPlugin.11sp14CSharp\Aras.VS.MethodPlugin.11sp14CSharp.csproj", "{C50A5446-9570-4193-82B6-5A185E3C384D}"
EndProject
Project("{FAE04EC0-301F-11D3-BF4B-00C04F79EFBC}") = "Aras.VS.MethodPlugin.11sp15CSharp", "Aras.VS.MethodPlugin.11sp15CSharp\Aras.VS.MethodPlugin.11sp15CSharp.csproj", "{E8849206-C248-1410-89B3-04F819930023}"
EndProject
Global
	GlobalSection(SolutionConfigurationPlatforms) = preSolution
		Debug|Any CPU = Debug|Any CPU
		Release|Any CPU = Release|Any CPU
	EndGlobalSection
	GlobalSection(ProjectConfigurationPlatforms) = postSolution
		{16B29445-D7AF-4B29-B660-54B3235C1A6C}.Debug|Any CPU.ActiveCfg = Debug|Any CPU
		{16B29445-D7AF-4B29-B660-54B3235C1A6C}.Debug|Any CPU.Build.0 = Debug|Any CPU
		{16B29445-D7AF-4B29-B660-54B3235C1A6C}.Release|Any CPU.ActiveCfg = Release|Any CPU
		{16B29445-D7AF-4B29-B660-54B3235C1A6C}.Release|Any CPU.Build.0 = Release|Any CPU
		{5181AFED-3DDB-48BC-9B78-F188B928B359}.Debug|Any CPU.ActiveCfg = Debug|Any CPU
		{5181AFED-3DDB-48BC-9B78-F188B928B359}.Debug|Any CPU.Build.0 = Debug|Any CPU
		{5181AFED-3DDB-48BC-9B78-F188B928B359}.Release|Any CPU.ActiveCfg = Release|Any CPU
		{5181AFED-3DDB-48BC-9B78-F188B928B359}.Release|Any CPU.Build.0 = Release|Any CPU
		{B7E26645-8BFC-460E-B010-784F52F61A04}.Debug|Any CPU.ActiveCfg = Debug|Any CPU
		{B7E26645-8BFC-460E-B010-784F52F61A04}.Debug|Any CPU.Build.0 = Debug|Any CPU
		{B7E26645-8BFC-460E-B010-784F52F61A04}.Release|Any CPU.ActiveCfg = Release|Any CPU
		{B7E26645-8BFC-460E-B010-784F52F61A04}.Release|Any CPU.Build.0 = Release|Any CPU
		{51428086-5975-49CA-9B11-528F396213FA}.Debug|Any CPU.ActiveCfg = Debug|Any CPU
		{51428086-5975-49CA-9B11-528F396213FA}.Debug|Any CPU.Build.0 = Debug|Any CPU
		{51428086-5975-49CA-9B11-528F396213FA}.Release|Any CPU.ActiveCfg = Release|Any CPU
		{51428086-5975-49CA-9B11-528F396213FA}.Release|Any CPU.Build.0 = Release|Any CPU
		{8AA47666-149F-4789-A489-A7FF5685B6FF}.Debug|Any CPU.ActiveCfg = Debug|Any CPU
		{8AA47666-149F-4789-A489-A7FF5685B6FF}.Debug|Any CPU.Build.0 = Debug|Any CPU
		{8AA47666-149F-4789-A489-A7FF5685B6FF}.Release|Any CPU.ActiveCfg = Release|Any CPU
		{8AA47666-149F-4789-A489-A7FF5685B6FF}.Release|Any CPU.Build.0 = Release|Any CPU
		{C50A5446-9570-4193-82B6-5A185E3C384D}.Debug|Any CPU.ActiveCfg = Debug|Any CPU
		{C50A5446-9570-4193-82B6-5A185E3C384D}.Debug|Any CPU.Build.0 = Debug|Any CPU
		{C50A5446-9570-4193-82B6-5A185E3C384D}.Release|Any CPU.ActiveCfg = Release|Any CPU
		{C50A5446-9570-4193-82B6-5A185E3C384D}.Release|Any CPU.Build.0 = Release|Any CPU
		{E8849206-C248-1410-89B3-04F819930023}.Debug|Any CPU.ActiveCfg = Debug|Any CPU
		{E8849206-C248-1410-89B3-04F819930023}.Debug|Any CPU.Build.0 = Debug|Any CPU
		{E8849206-C248-1410-89B3-04F819930023}.Release|Any CPU.ActiveCfg = Release|Any CPU
		{E8849206-C248-1410-89B3-04F819930023}.Release|Any CPU.Build.0 = Release|Any CPU
	EndGlobalSection
	GlobalSection(SolutionProperties) = preSolution
		HideSolutionNode = FALSE
	EndGlobalSection
	GlobalSection(ExtensibilityGlobals) = postSolution
		SolutionGuid = {3AE04227-0060-4E46-82F0-7F344C65D14F}
	EndGlobalSection
EndGlobal
